
Microsoft Visual Studio Solution File, Format Version 12.00
# Visual Studio 15
VisualStudioVersion = 15.0.28307.572
MinimumVisualStudioVersion = 10.0.40219.1
Project("{FAE04EC0-301F-11D3-BF4B-00C04F79EFBC}") = "PetStoreUWPClient", "PetStoreUWPClient\PetStoreUWPClient.csproj", "{AF4CCBAA-0E4B-4DCE-9A6E-50836854A53F}"
EndProject
Project("{9A19103F-16F7-4668-BE54-9A1E7A4F7556}") = "PetStoreClientTest", "PetStoreClientTest\PetStoreClientTest.csproj", "{97997BD3-95B2-4A44-B25F-AD07342BA45D}"
EndProject
Project("{2150E333-8FDC-42A3-9474-1A3956D46DE8}") = "Solution Items", "Solution Items", "{879C54E5-05F4-484D-BDEE-E7CBAF876E6E}"
	ProjectSection(SolutionItems) = preProject
		ReadMe.md = ReadMe.md
	EndProjectSection
EndProject
Project("{FAE04EC0-301F-11D3-BF4B-00C04F79EFBC}") = "PetStoreConsoleClient", "PetStoreConsoleClient\PetStoreConsoleClient.csproj", "{94A87528-A171-43BB-A120-9A57C91A181D}"
EndProject
Global
	GlobalSection(SolutionConfigurationPlatforms) = preSolution
		Debug|Any CPU = Debug|Any CPU
		Debug|ARM = Debug|ARM
		Debug|ARM64 = Debug|ARM64
		Debug|x64 = Debug|x64
		Debug|x86 = Debug|x86
		Release|Any CPU = Release|Any CPU
		Release|ARM = Release|ARM
		Release|ARM64 = Release|ARM64
		Release|x64 = Release|x64
		Release|x86 = Release|x86
	EndGlobalSection
	GlobalSection(ProjectConfigurationPlatforms) = postSolution
		{AF4CCBAA-0E4B-4DCE-9A6E-50836854A53F}.Debug|Any CPU.ActiveCfg = Debug|x86
		{AF4CCBAA-0E4B-4DCE-9A6E-50836854A53F}.Debug|ARM.ActiveCfg = Debug|ARM
		{AF4CCBAA-0E4B-4DCE-9A6E-50836854A53F}.Debug|ARM.Build.0 = Debug|ARM
		{AF4CCBAA-0E4B-4DCE-9A6E-50836854A53F}.Debug|ARM.Deploy.0 = Debug|ARM
		{AF4CCBAA-0E4B-4DCE-9A6E-50836854A53F}.Debug|ARM64.ActiveCfg = Debug|ARM64
		{AF4CCBAA-0E4B-4DCE-9A6E-50836854A53F}.Debug|ARM64.Build.0 = Debug|ARM64
		{AF4CCBAA-0E4B-4DCE-9A6E-50836854A53F}.Debug|ARM64.Deploy.0 = Debug|ARM64
		{AF4CCBAA-0E4B-4DCE-9A6E-50836854A53F}.Debug|x64.ActiveCfg = Debug|x64
		{AF4CCBAA-0E4B-4DCE-9A6E-50836854A53F}.Debug|x64.Build.0 = Debug|x64
		{AF4CCBAA-0E4B-4DCE-9A6E-50836854A53F}.Debug|x64.Deploy.0 = Debug|x64
		{AF4CCBAA-0E4B-4DCE-9A6E-50836854A53F}.Debug|x86.ActiveCfg = Debug|x86
		{AF4CCBAA-0E4B-4DCE-9A6E-50836854A53F}.Debug|x86.Build.0 = Debug|x86
		{AF4CCBAA-0E4B-4DCE-9A6E-50836854A53F}.Debug|x86.Deploy.0 = Debug|x86
		{AF4CCBAA-0E4B-4DCE-9A6E-50836854A53F}.Release|Any CPU.ActiveCfg = Release|x86
		{AF4CCBAA-0E4B-4DCE-9A6E-50836854A53F}.Release|ARM.ActiveCfg = Release|ARM
		{AF4CCBAA-0E4B-4DCE-9A6E-50836854A53F}.Release|ARM.Build.0 = Release|ARM
		{AF4CCBAA-0E4B-4DCE-9A6E-50836854A53F}.Release|ARM.Deploy.0 = Release|ARM
		{AF4CCBAA-0E4B-4DCE-9A6E-50836854A53F}.Release|ARM64.ActiveCfg = Release|ARM64
		{AF4CCBAA-0E4B-4DCE-9A6E-50836854A53F}.Release|ARM64.Build.0 = Release|ARM64
		{AF4CCBAA-0E4B-4DCE-9A6E-50836854A53F}.Release|ARM64.Deploy.0 = Release|ARM64
		{AF4CCBAA-0E4B-4DCE-9A6E-50836854A53F}.Release|x64.ActiveCfg = Release|x64
		{AF4CCBAA-0E4B-4DCE-9A6E-50836854A53F}.Release|x64.Build.0 = Release|x64
		{AF4CCBAA-0E4B-4DCE-9A6E-50836854A53F}.Release|x64.Deploy.0 = Release|x64
		{AF4CCBAA-0E4B-4DCE-9A6E-50836854A53F}.Release|x86.ActiveCfg = Release|x86
		{AF4CCBAA-0E4B-4DCE-9A6E-50836854A53F}.Release|x86.Build.0 = Release|x86
		{AF4CCBAA-0E4B-4DCE-9A6E-50836854A53F}.Release|x86.Deploy.0 = Release|x86
		{97997BD3-95B2-4A44-B25F-AD07342BA45D}.Debug|Any CPU.ActiveCfg = Debug|Any CPU
		{97997BD3-95B2-4A44-B25F-AD07342BA45D}.Debug|Any CPU.Build.0 = Debug|Any CPU
		{97997BD3-95B2-4A44-B25F-AD07342BA45D}.Debug|ARM.ActiveCfg = Debug|Any CPU
		{97997BD3-95B2-4A44-B25F-AD07342BA45D}.Debug|ARM.Build.0 = Debug|Any CPU
		{97997BD3-95B2-4A44-B25F-AD07342BA45D}.Debug|ARM64.ActiveCfg = Debug|Any CPU
		{97997BD3-95B2-4A44-B25F-AD07342BA45D}.Debug|ARM64.Build.0 = Debug|Any CPU
		{97997BD3-95B2-4A44-B25F-AD07342BA45D}.Debug|x64.ActiveCfg = Debug|Any CPU
		{97997BD3-95B2-4A44-B25F-AD07342BA45D}.Debug|x64.Build.0 = Debug|Any CPU
		{97997BD3-95B2-4A44-B25F-AD07342BA45D}.Debug|x86.ActiveCfg = Debug|Any CPU
		{97997BD3-95B2-4A44-B25F-AD07342BA45D}.Debug|x86.Build.0 = Debug|Any CPU
		{97997BD3-95B2-4A44-B25F-AD07342BA45D}.Release|Any CPU.ActiveCfg = Release|Any CPU
		{97997BD3-95B2-4A44-B25F-AD07342BA45D}.Release|Any CPU.Build.0 = Release|Any CPU
		{97997BD3-95B2-4A44-B25F-AD07342BA45D}.Release|ARM.ActiveCfg = Release|Any CPU
		{97997BD3-95B2-4A44-B25F-AD07342BA45D}.Release|ARM.Build.0 = Release|Any CPU
		{97997BD3-95B2-4A44-B25F-AD07342BA45D}.Release|ARM64.ActiveCfg = Release|Any CPU
		{97997BD3-95B2-4A44-B25F-AD07342BA45D}.Release|ARM64.Build.0 = Release|Any CPU
		{97997BD3-95B2-4A44-B25F-AD07342BA45D}.Release|x64.ActiveCfg = Release|Any CPU
		{97997BD3-95B2-4A44-B25F-AD07342BA45D}.Release|x64.Build.0 = Release|Any CPU
		{97997BD3-95B2-4A44-B25F-AD07342BA45D}.Release|x86.ActiveCfg = Release|Any CPU
		{97997BD3-95B2-4A44-B25F-AD07342BA45D}.Release|x86.Build.0 = Release|Any CPU
		{94A87528-A171-43BB-A120-9A57C91A181D}.Debug|Any CPU.ActiveCfg = Debug|Any CPU
		{94A87528-A171-43BB-A120-9A57C91A181D}.Debug|Any CPU.Build.0 = Debug|Any CPU
		{94A87528-A171-43BB-A120-9A57C91A181D}.Debug|ARM.ActiveCfg = Debug|Any CPU
		{94A87528-A171-43BB-A120-9A57C91A181D}.Debug|ARM.Build.0 = Debug|Any CPU
		{94A87528-A171-43BB-A120-9A57C91A181D}.Debug|ARM64.ActiveCfg = Debug|Any CPU
		{94A87528-A171-43BB-A120-9A57C91A181D}.Debug|ARM64.Build.0 = Debug|Any CPU
		{94A87528-A171-43BB-A120-9A57C91A181D}.Debug|x64.ActiveCfg = Debug|Any CPU
		{94A87528-A171-43BB-A120-9A57C91A181D}.Debug|x64.Build.0 = Debug|Any CPU
		{94A87528-A171-43BB-A120-9A57C91A181D}.Debug|x86.ActiveCfg = Debug|Any CPU
		{94A87528-A171-43BB-A120-9A57C91A181D}.Debug|x86.Build.0 = Debug|Any CPU
		{94A87528-A171-43BB-A120-9A57C91A181D}.Release|Any CPU.ActiveCfg = Release|Any CPU
		{94A87528-A171-43BB-A120-9A57C91A181D}.Release|Any CPU.Build.0 = Release|Any CPU
		{94A87528-A171-43BB-A120-9A57C91A181D}.Release|ARM.ActiveCfg = Release|Any CPU
		{94A87528-A171-43BB-A120-9A57C91A181D}.Release|ARM.Build.0 = Release|Any CPU
		{94A87528-A171-43BB-A120-9A57C91A181D}.Release|ARM64.ActiveCfg = Release|Any CPU
		{94A87528-A171-43BB-A120-9A57C91A181D}.Release|ARM64.Build.0 = Release|Any CPU
		{94A87528-A171-43BB-A120-9A57C91A181D}.Release|x64.ActiveCfg = Release|Any CPU
		{94A87528-A171-43BB-A120-9A57C91A181D}.Release|x64.Build.0 = Release|Any CPU
		{94A87528-A171-43BB-A120-9A57C91A181D}.Release|x86.ActiveCfg = Release|Any CPU
		{94A87528-A171-43BB-A120-9A57C91A181D}.Release|x86.Build.0 = Release|Any CPU
	EndGlobalSection
	GlobalSection(SolutionProperties) = preSolution
		HideSolutionNode = FALSE
	EndGlobalSection
	GlobalSection(ExtensibilityGlobals) = postSolution
		SolutionGuid = {F7819D71-0851-4D2D-A231-C0DED40A0E00}
	EndGlobalSection
EndGlobal
